
Microsoft Visual Studio Solution File, Format Version 12.00
# Visual Studio 15
VisualStudioVersion = 15.0.28307.572
MinimumVisualStudioVersion = 10.0.40219.1
Project("{FAE04EC0-301F-11D3-BF4B-00C04F79EFBC}") = "aereopuerto.Android", "aereopuerto\aereopuerto.Android\aereopuerto.Android.csproj", "{B86DB884-E47A-4D02-A8CD-3BAB25349E5C}"
EndProject
Project("{FAE04EC0-301F-11D3-BF4B-00C04F79EFBC}") = "aereopuerto", "aereopuerto\aereopuerto\aereopuerto.csproj", "{1ADC63F8-1F3B-4D49-8A0B-409A6B2DECDB}"
EndProject
Project("{FAE04EC0-301F-11D3-BF4B-00C04F79EFBC}") = "index_a.Android", "index_a\index_a.Android\index_a.Android.csproj", "{9E398DBC-6CEC-49C9-8D34-AF91F530ACDB}"
EndProject
Project("{FAE04EC0-301F-11D3-BF4B-00C04F79EFBC}") = "index_a", "index_a\index_a\index_a.csproj", "{AA7B63A0-A690-4C1C-B007-9A30029FA0B2}"
EndProject
Global
	GlobalSection(SolutionConfigurationPlatforms) = preSolution
		Debug|Any CPU = Debug|Any CPU
		Release|Any CPU = Release|Any CPU
	EndGlobalSection
	GlobalSection(ProjectConfigurationPlatforms) = postSolution
		{B86DB884-E47A-4D02-A8CD-3BAB25349E5C}.Debug|Any CPU.ActiveCfg = Debug|Any CPU
		{B86DB884-E47A-4D02-A8CD-3BAB25349E5C}.Debug|Any CPU.Build.0 = Debug|Any CPU
		{B86DB884-E47A-4D02-A8CD-3BAB25349E5C}.Debug|Any CPU.Deploy.0 = Debug|Any CPU
		{B86DB884-E47A-4D02-A8CD-3BAB25349E5C}.Release|Any CPU.ActiveCfg = Release|Any CPU
		{B86DB884-E47A-4D02-A8CD-3BAB25349E5C}.Release|Any CPU.Build.0 = Release|Any CPU
		{B86DB884-E47A-4D02-A8CD-3BAB25349E5C}.Release|Any CPU.Deploy.0 = Release|Any CPU
		{1ADC63F8-1F3B-4D49-8A0B-409A6B2DECDB}.Debug|Any CPU.ActiveCfg = Debug|Any CPU
		{1ADC63F8-1F3B-4D49-8A0B-409A6B2DECDB}.Debug|Any CPU.Build.0 = Debug|Any CPU
		{1ADC63F8-1F3B-4D49-8A0B-409A6B2DECDB}.Release|Any CPU.ActiveCfg = Release|Any CPU
		{1ADC63F8-1F3B-4D49-8A0B-409A6B2DECDB}.Release|Any CPU.Build.0 = Release|Any CPU
		{9E398DBC-6CEC-49C9-8D34-AF91F530ACDB}.Debug|Any CPU.ActiveCfg = Debug|Any CPU
		{9E398DBC-6CEC-49C9-8D34-AF91F530ACDB}.Debug|Any CPU.Build.0 = Debug|Any CPU
		{9E398DBC-6CEC-49C9-8D34-AF91F530ACDB}.Debug|Any CPU.Deploy.0 = Debug|Any CPU
		{9E398DBC-6CEC-49C9-8D34-AF91F530ACDB}.Release|Any CPU.ActiveCfg = Release|Any CPU
		{9E398DBC-6CEC-49C9-8D34-AF91F530ACDB}.Release|Any CPU.Build.0 = Release|Any CPU
		{9E398DBC-6CEC-49C9-8D34-AF91F530ACDB}.Release|Any CPU.Deploy.0 = Release|Any CPU
		{AA7B63A0-A690-4C1C-B007-9A30029FA0B2}.Debug|Any CPU.ActiveCfg = Debug|Any CPU
		{AA7B63A0-A690-4C1C-B007-9A30029FA0B2}.Debug|Any CPU.Build.0 = Debug|Any CPU
		{AA7B63A0-A690-4C1C-B007-9A30029FA0B2}.Release|Any CPU.ActiveCfg = Release|Any CPU
		{AA7B63A0-A690-4C1C-B007-9A30029FA0B2}.Release|Any CPU.Build.0 = Release|Any CPU
	EndGlobalSection
	GlobalSection(SolutionProperties) = preSolution
		HideSolutionNode = FALSE
	EndGlobalSection
	GlobalSection(ExtensibilityGlobals) = postSolution
		SolutionGuid = {34C46EE4-B207-4CCD-92F2-E247A6FE3522}
	EndGlobalSection
EndGlobal
